
Microsoft Visual Studio Solution File, Format Version 12.00
# Visual Studio Version 16
VisualStudioVersion = 16.0.29326.143
MinimumVisualStudioVersion = 10.0.40219.1

Project("{2150E333-8FDC-42A3-9474-1A3956D46DE8}") = "Solution Items", "Solution Items", "{D78EAE2E-060D-482B-AA18-18F33CA0B588}"
	ProjectSection(SolutionItems) = preProject
		.gitattributes = .gitattributes
		.gitignore = .gitignore
		appveyor.yml = appveyor.yml
		Directory.Build.props = Directory.Build.props
		nuget.config = nuget.config
		README.md = README.md
	EndProjectSection
EndProject
Project("{2150E333-8FDC-42A3-9474-1A3956D46DE8}") = "src", "src", "{EF3384BE-77D4-4D48-8AD8-3A935FA173D8}"
EndProject
Project("{2150E333-8FDC-42A3-9474-1A3956D46DE8}") = "test", "test", "{0DEC0ADE-687E-484A-9138-465DC4A2F921}"
EndProject
Project("{9A19103F-16F7-4668-BE54-9A1E7A4F7556}") = "PrismaDB.QueryParser.MSSQL", "src\PrismaDB.QueryParser.MSSQL\PrismaDB.QueryParser.MSSQL.csproj", "{E91D7C81-69CF-4BF2-9763-12C9B140B133}"
EndProject
Project("{9A19103F-16F7-4668-BE54-9A1E7A4F7556}") = "PrismaDB.QueryParser.MySQL", "src\PrismaDB.QueryParser.MySQL\PrismaDB.QueryParser.MySQL.csproj", "{EF62D84B-D650-477B-B09C-21A9A4C41A3D}"
EndProject
Project("{9A19103F-16F7-4668-BE54-9A1E7A4F7556}") = "PrismaDB.QueryParser.Postgres", "src\PrismaDB.QueryParser.Postgres\PrismaDB.QueryParser.Postgres.csproj", "{9372A869-A5DB-4552-8BD9-4597C3E2E226}"
EndProject
Project("{9A19103F-16F7-4668-BE54-9A1E7A4F7556}") = "ParserTests-MSSQL", "test\ParserTests-MSSQL\ParserTests-MSSQL.csproj", "{9E4536A1-9179-428E-BD36-A33927D47DE6}"
EndProject
Project("{9A19103F-16F7-4668-BE54-9A1E7A4F7556}") = "ParserTests-MySQL", "test\ParserTests-MySQL\ParserTests-MySQL.csproj", "{EE80968A-5C53-4D00-B3E2-7ABDD8FA2C5E}"
EndProject
Project("{9A19103F-16F7-4668-BE54-9A1E7A4F7556}") = "ParserTests-Postgres", "test\ParserTests-Postgres\ParserTests-Postgres.csproj", "{B535EBBA-EF56-45C9-8141-60EAF5658281}"
EndProject
Global
	GlobalSection(SolutionConfigurationPlatforms) = preSolution
		Debug|Any CPU = Debug|Any CPU
		Release|Any CPU = Release|Any CPU
	EndGlobalSection
	GlobalSection(ProjectConfigurationPlatforms) = postSolution
		{E91D7C81-69CF-4BF2-9763-12C9B140B133}.Debug|Any CPU.ActiveCfg = Debug|Any CPU
		{E91D7C81-69CF-4BF2-9763-12C9B140B133}.Debug|Any CPU.Build.0 = Debug|Any CPU
		{E91D7C81-69CF-4BF2-9763-12C9B140B133}.Release|Any CPU.ActiveCfg = Release|Any CPU
		{E91D7C81-69CF-4BF2-9763-12C9B140B133}.Release|Any CPU.Build.0 = Release|Any CPU
		{EF62D84B-D650-477B-B09C-21A9A4C41A3D}.Debug|Any CPU.ActiveCfg = Debug|Any CPU
		{EF62D84B-D650-477B-B09C-21A9A4C41A3D}.Debug|Any CPU.Build.0 = Debug|Any CPU
		{EF62D84B-D650-477B-B09C-21A9A4C41A3D}.Release|Any CPU.ActiveCfg = Release|Any CPU
		{EF62D84B-D650-477B-B09C-21A9A4C41A3D}.Release|Any CPU.Build.0 = Release|Any CPU
		{9372A869-A5DB-4552-8BD9-4597C3E2E226}.Debug|Any CPU.ActiveCfg = Debug|Any CPU
		{9372A869-A5DB-4552-8BD9-4597C3E2E226}.Debug|Any CPU.Build.0 = Debug|Any CPU
		{9372A869-A5DB-4552-8BD9-4597C3E2E226}.Release|Any CPU.ActiveCfg = Release|Any CPU
		{9372A869-A5DB-4552-8BD9-4597C3E2E226}.Release|Any CPU.Build.0 = Release|Any CPU
		{9E4536A1-9179-428E-BD36-A33927D47DE6}.Debug|Any CPU.ActiveCfg = Debug|Any CPU
		{9E4536A1-9179-428E-BD36-A33927D47DE6}.Debug|Any CPU.Build.0 = Debug|Any CPU
		{9E4536A1-9179-428E-BD36-A33927D47DE6}.Release|Any CPU.ActiveCfg = Release|Any CPU
		{9E4536A1-9179-428E-BD36-A33927D47DE6}.Release|Any CPU.Build.0 = Release|Any CPU
		{EE80968A-5C53-4D00-B3E2-7ABDD8FA2C5E}.Debug|Any CPU.ActiveCfg = Debug|Any CPU
		{EE80968A-5C53-4D00-B3E2-7ABDD8FA2C5E}.Debug|Any CPU.Build.0 = Debug|Any CPU
		{EE80968A-5C53-4D00-B3E2-7ABDD8FA2C5E}.Release|Any CPU.ActiveCfg = Release|Any CPU
		{EE80968A-5C53-4D00-B3E2-7ABDD8FA2C5E}.Release|Any CPU.Build.0 = Release|Any CPU
		{B535EBBA-EF56-45C9-8141-60EAF5658281}.Debug|Any CPU.ActiveCfg = Debug|Any CPU
		{B535EBBA-EF56-45C9-8141-60EAF5658281}.Debug|Any CPU.Build.0 = Debug|Any CPU
		{B535EBBA-EF56-45C9-8141-60EAF5658281}.Release|Any CPU.ActiveCfg = Release|Any CPU
		{B535EBBA-EF56-45C9-8141-60EAF5658281}.Release|Any CPU.Build.0 = Release|Any CPU
	EndGlobalSection
	GlobalSection(SolutionProperties) = preSolution
		HideSolutionNode = FALSE
	EndGlobalSection
	GlobalSection(NestedProjects) = preSolution
		{E91D7C81-69CF-4BF2-9763-12C9B140B133} = {EF3384BE-77D4-4D48-8AD8-3A935FA173D8}
		{EF62D84B-D650-477B-B09C-21A9A4C41A3D} = {EF3384BE-77D4-4D48-8AD8-3A935FA173D8}
		{9372A869-A5DB-4552-8BD9-4597C3E2E226} = {EF3384BE-77D4-4D48-8AD8-3A935FA173D8}
		{9E4536A1-9179-428E-BD36-A33927D47DE6} = {0DEC0ADE-687E-484A-9138-465DC4A2F921}
		{EE80968A-5C53-4D00-B3E2-7ABDD8FA2C5E} = {0DEC0ADE-687E-484A-9138-465DC4A2F921}
		{B535EBBA-EF56-45C9-8141-60EAF5658281} = {0DEC0ADE-687E-484A-9138-465DC4A2F921}
	EndGlobalSection
	GlobalSection(ExtensibilityGlobals) = postSolution
		SolutionGuid = {1605ABB9-89A4-46C7-A645-53E81BB58599}
	EndGlobalSection
EndGlobal
