
Microsoft Visual Studio Solution File, Format Version 12.00
# Visual Studio 15
VisualStudioVersion = 15.0.28307.136
MinimumVisualStudioVersion = 10.0.40219.1
Project("{9A19103F-16F7-4668-BE54-9A1E7A4F7556}") = "PrismaDB-QueryParser-MSSQL", "PrismaDB-QueryParser-MSSQL\PrismaDB-QueryParser-MSSQL.csproj", "{E91D7C81-69CF-4BF2-9763-12C9B140B133}"
EndProject
Project("{9A19103F-16F7-4668-BE54-9A1E7A4F7556}") = "ParserTests", "ParserTests\ParserTests.csproj", "{FAC861AD-58E9-4BE4-9385-599611450DA2}"
EndProject
Project("{2150E333-8FDC-42A3-9474-1A3956D46DE8}") = "Solution Items", "Solution Items", "{D78EAE2E-060D-482B-AA18-18F33CA0B588}"
	ProjectSection(SolutionItems) = preProject
		.gitattributes = .gitattributes
		.gitignore = .gitignore
		appveyor.yml = appveyor.yml
		nuget.config = nuget.config
	EndProjectSection
EndProject
Global
	GlobalSection(SolutionConfigurationPlatforms) = preSolution
		Debug|Any CPU = Debug|Any CPU
		Release|Any CPU = Release|Any CPU
	EndGlobalSection
	GlobalSection(ProjectConfigurationPlatforms) = postSolution
		{E91D7C81-69CF-4BF2-9763-12C9B140B133}.Debug|Any CPU.ActiveCfg = Debug|Any CPU
		{E91D7C81-69CF-4BF2-9763-12C9B140B133}.Debug|Any CPU.Build.0 = Debug|Any CPU
		{E91D7C81-69CF-4BF2-9763-12C9B140B133}.Release|Any CPU.ActiveCfg = Release|Any CPU
		{E91D7C81-69CF-4BF2-9763-12C9B140B133}.Release|Any CPU.Build.0 = Release|Any CPU
		{FAC861AD-58E9-4BE4-9385-599611450DA2}.Debug|Any CPU.ActiveCfg = Debug|Any CPU
		{FAC861AD-58E9-4BE4-9385-599611450DA2}.Debug|Any CPU.Build.0 = Debug|Any CPU
		{FAC861AD-58E9-4BE4-9385-599611450DA2}.Release|Any CPU.ActiveCfg = Release|Any CPU
		{FAC861AD-58E9-4BE4-9385-599611450DA2}.Release|Any CPU.Build.0 = Release|Any CPU
	EndGlobalSection
	GlobalSection(SolutionProperties) = preSolution
		HideSolutionNode = FALSE
	EndGlobalSection
	GlobalSection(ExtensibilityGlobals) = postSolution
		SolutionGuid = {1605ABB9-89A4-46C7-A645-53E81BB58599}
	EndGlobalSection
EndGlobal
